
Microsoft Visual Studio Solution File, Format Version 12.00
# Visual Studio 15
VisualStudioVersion = 15.0.28307.1831
MinimumVisualStudioVersion = 10.0.40219.1
Project("{FAE04EC0-301F-11D3-BF4B-00C04F79EFBC}") = "МУзыка", "МУзыка\МУзыка.csproj", "{40363B00-EEA9-410C-B684-95B9D89E3055}"
EndProject
Global
	GlobalSection(SolutionConfigurationPlatforms) = preSolution
		Debug|Any CPU = Debug|Any CPU
		Release|Any CPU = Release|Any CPU
	EndGlobalSection
	GlobalSection(ProjectConfigurationPlatforms) = postSolution
		{40363B00-EEA9-410C-B684-95B9D89E3055}.Debug|Any CPU.ActiveCfg = Debug|Any CPU
		{40363B00-EEA9-410C-B684-95B9D89E3055}.Debug|Any CPU.Build.0 = Debug|Any CPU
		{40363B00-EEA9-410C-B684-95B9D89E3055}.Release|Any CPU.ActiveCfg = Release|Any CPU
		{40363B00-EEA9-410C-B684-95B9D89E3055}.Release|Any CPU.Build.0 = Release|Any CPU
	EndGlobalSection
	GlobalSection(SolutionProperties) = preSolution
		HideSolutionNode = FALSE
	EndGlobalSection
	GlobalSection(ExtensibilityGlobals) = postSolution
		SolutionGuid = {E7EAF27D-881C-4351-B81A-AE65901F613C}
	EndGlobalSection
EndGlobal
